Microsoft Visual Studio Solution File, Format Version 12.00
# Visual Studio Version 18
VisualStudioVersion = 18.2.11415.280 d18.0
MinimumVisualStudioVersion = 10.0.40219.1
Project("{2150E333-8FDC-42A3-9474-1A3956D46DE8}") = "src", "src", "{827E0CD3-B72D-47B6-A68D-7590B98EB39B}"
EndProject
Project("{FAE04EC0-301F-11D3-BF4B-00C04F79EFBC}") = "TrBlazeUI.Components", "src\TrBlazeUI.Components\TrBlazeUI.Components.csproj", "{B873D4FA-DEB5-4697-AB73-CB263F7778A6}"
EndProject
Project("{2150E333-8FDC-42A3-9474-1A3956D46DE8}") = "demos", "demos", "{A39C23D2-F2C0-258D-165A-CF1E7FEE6E7B}"
EndProject
Project("{FAE04EC0-301F-11D3-BF4B-00C04F79EFBC}") = "TrBlazeUI.Demo.Server", "demos\TrBlazeUI.Demo.Server\TrBlazeUI.Demo.Server.csproj", "{ACA5BA0D-B4C7-4558-9F3F-8C1AF0EF84F9}"
EndProject
Project("{FAE04EC0-301F-11D3-BF4B-00C04F79EFBC}") = "TrBlazeUI.Primitives", "src\TrBlazeUI.Primitives\TrBlazeUI.Primitives.csproj", "{147CF313-3AE4-41EA-B876-065F3B96A503}"
EndProject
Project("{FAE04EC0-301F-11D3-BF4B-00C04F79EFBC}") = "TrBlazeUI.Icons.Lucide", "src\TrBlazeUI.Icons.Lucide\TrBlazeUI.Icons.Lucide.csproj", "{C5E92A4D-9E3B-4C1A-B8D4-E1F5A6C7B9D2}"
EndProject
Project("{FAE04EC0-301F-11D3-BF4B-00C04F79EFBC}") = "TrBlazeUI.Icons.Heroicons", "src\TrBlazeUI.Icons.Heroicons\TrBlazeUI.Icons.Heroicons.csproj", "{6B3C876A-CB06-42DA-974E-6620581CE719}"
EndProject
Project("{FAE04EC0-301F-11D3-BF4B-00C04F79EFBC}") = "TrBlazeUI.Icons.Feather", "src\TrBlazeUI.Icons.Feather\TrBlazeUI.Icons.Feather.csproj", "{078BABD8-4ACB-4002-95E8-99AB3DA3EBEA}"
EndProject
Project("{FAE04EC0-301F-11D3-BF4B-00C04F79EFBC}") = "TrBlazeUI.Demo.Shared", "demos\TrBlazeUI.Demo.Shared\TrBlazeUI.Demo.Shared.csproj", "{D1A2B3C4-E5F6-7890-ABCD-EF1234567890}"
EndProject
Project("{FAE04EC0-301F-11D3-BF4B-00C04F79EFBC}") = "TrBlazeUI.Demo.Wasm", "demos\TrBlazeUI.Demo.Wasm\TrBlazeUI.Demo.Wasm.csproj", "{E2B3C4D5-F6A7-8901-BCDE-F12345678901}"
EndProject
Project("{FAE04EC0-301F-11D3-BF4B-00C04F79EFBC}") = "TrBlazeUI.Demo.Auto", "demos\TrBlazeUI.Demo.Auto\TrBlazeUI.Demo.Auto.csproj", "{F3C4D5E6-A7B8-9012-CDEF-123456789012}"
EndProject
Project("{FAE04EC0-301F-11D3-BF4B-00C04F79EFBC}") = "TrBlazeUI.Demo.Auto.Client", "demos\TrBlazeUI.Demo.Auto\TrBlazeUI.Demo.Auto.Client\TrBlazeUI.Demo.Auto.Client.csproj", "{A4D5E6F7-B8C9-0123-DEFA-234567890123}"
EndProject
Project("{2150E333-8FDC-42A3-9474-1A3956D46DE8}") = "docs", "docs", "{C881631D-8A6A-479A-9F9E-5B4FCD3EAE9D}"
	ProjectSection(SolutionItems) = preProject
		docs\TrBlazeUI-Doc.md = docs\TrBlazeUI-Doc.md
	EndProjectSection
EndProject
Global
	GlobalSection(SolutionConfigurationPlatforms) = preSolution
		Debug|Any CPU = Debug|Any CPU
		Debug|x64 = Debug|x64
		Debug|x86 = Debug|x86
		Release|Any CPU = Release|Any CPU
		Release|x64 = Release|x64
		Release|x86 = Release|x86
	EndGlobalSection
	GlobalSection(ProjectConfigurationPlatforms) = postSolution
		{B873D4FA-DEB5-4697-AB73-CB263F7778A6}.Debug|Any CPU.ActiveCfg = Debug|Any CPU
		{B873D4FA-DEB5-4697-AB73-CB263F7778A6}.Debug|Any CPU.Build.0 = Debug|Any CPU
		{B873D4FA-DEB5-4697-AB73-CB263F7778A6}.Debug|x64.ActiveCfg = Debug|Any CPU
		{B873D4FA-DEB5-4697-AB73-CB263F7778A6}.Debug|x64.Build.0 = Debug|Any CPU
		{B873D4FA-DEB5-4697-AB73-CB263F7778A6}.Debug|x86.ActiveCfg = Debug|Any CPU
		{B873D4FA-DEB5-4697-AB73-CB263F7778A6}.Debug|x86.Build.0 = Debug|Any CPU
		{B873D4FA-DEB5-4697-AB73-CB263F7778A6}.Release|Any CPU.ActiveCfg = Release|Any CPU
		{B873D4FA-DEB5-4697-AB73-CB263F7778A6}.Release|Any CPU.Build.0 = Release|Any CPU
		{B873D4FA-DEB5-4697-AB73-CB263F7778A6}.Release|x64.ActiveCfg = Release|Any CPU
		{B873D4FA-DEB5-4697-AB73-CB263F7778A6}.Release|x64.Build.0 = Release|Any CPU
		{B873D4FA-DEB5-4697-AB73-CB263F7778A6}.Release|x86.ActiveCfg = Release|Any CPU
		{B873D4FA-DEB5-4697-AB73-CB263F7778A6}.Release|x86.Build.0 = Release|Any CPU
		{ACA5BA0D-B4C7-4558-9F3F-8C1AF0EF84F9}.Debug|Any CPU.ActiveCfg = Debug|Any CPU
		{ACA5BA0D-B4C7-4558-9F3F-8C1AF0EF84F9}.Debug|Any CPU.Build.0 = Debug|Any CPU
		{ACA5BA0D-B4C7-4558-9F3F-8C1AF0EF84F9}.Debug|x64.ActiveCfg = Debug|Any CPU
		{ACA5BA0D-B4C7-4558-9F3F-8C1AF0EF84F9}.Debug|x64.Build.0 = Debug|Any CPU
		{ACA5BA0D-B4C7-4558-9F3F-8C1AF0EF84F9}.Debug|x86.ActiveCfg = Debug|Any CPU
		{ACA5BA0D-B4C7-4558-9F3F-8C1AF0EF84F9}.Debug|x86.Build.0 = Debug|Any CPU
		{ACA5BA0D-B4C7-4558-9F3F-8C1AF0EF84F9}.Release|Any CPU.ActiveCfg = Release|Any CPU
		{ACA5BA0D-B4C7-4558-9F3F-8C1AF0EF84F9}.Release|Any CPU.Build.0 = Release|Any CPU
		{ACA5BA0D-B4C7-4558-9F3F-8C1AF0EF84F9}.Release|x64.ActiveCfg = Release|Any CPU
		{ACA5BA0D-B4C7-4558-9F3F-8C1AF0EF84F9}.Release|x64.Build.0 = Release|Any CPU
		{ACA5BA0D-B4C7-4558-9F3F-8C1AF0EF84F9}.Release|x86.ActiveCfg = Release|Any CPU
		{ACA5BA0D-B4C7-4558-9F3F-8C1AF0EF84F9}.Release|x86.Build.0 = Release|Any CPU
		{147CF313-3AE4-41EA-B876-065F3B96A503}.Debug|Any CPU.ActiveCfg = Debug|Any CPU
		{147CF313-3AE4-41EA-B876-065F3B96A503}.Debug|Any CPU.Build.0 = Debug|Any CPU
		{147CF313-3AE4-41EA-B876-065F3B96A503}.Debug|x64.ActiveCfg = Debug|Any CPU
		{147CF313-3AE4-41EA-B876-065F3B96A503}.Debug|x64.Build.0 = Debug|Any CPU
		{147CF313-3AE4-41EA-B876-065F3B96A503}.Debug|x86.ActiveCfg = Debug|Any CPU
		{147CF313-3AE4-41EA-B876-065F3B96A503}.Debug|x86.Build.0 = Debug|Any CPU
		{147CF313-3AE4-41EA-B876-065F3B96A503}.Release|Any CPU.ActiveCfg = Release|Any CPU
		{147CF313-3AE4-41EA-B876-065F3B96A503}.Release|Any CPU.Build.0 = Release|Any CPU
		{147CF313-3AE4-41EA-B876-065F3B96A503}.Release|x64.ActiveCfg = Release|Any CPU
		{147CF313-3AE4-41EA-B876-065F3B96A503}.Release|x64.Build.0 = Release|Any CPU
		{147CF313-3AE4-41EA-B876-065F3B96A503}.Release|x86.ActiveCfg = Release|Any CPU
		{147CF313-3AE4-41EA-B876-065F3B96A503}.Release|x86.Build.0 = Release|Any CPU
		{C5E92A4D-9E3B-4C1A-B8D4-E1F5A6C7B9D2}.Debug|Any CPU.ActiveCfg = Debug|Any CPU
		{C5E92A4D-9E3B-4C1A-B8D4-E1F5A6C7B9D2}.Debug|Any CPU.Build.0 = Debug|Any CPU
		{C5E92A4D-9E3B-4C1A-B8D4-E1F5A6C7B9D2}.Debug|x64.ActiveCfg = Debug|Any CPU
		{C5E92A4D-9E3B-4C1A-B8D4-E1F5A6C7B9D2}.Debug|x64.Build.0 = Debug|Any CPU
		{C5E92A4D-9E3B-4C1A-B8D4-E1F5A6C7B9D2}.Debug|x86.ActiveCfg = Debug|Any CPU
		{C5E92A4D-9E3B-4C1A-B8D4-E1F5A6C7B9D2}.Debug|x86.Build.0 = Debug|Any CPU
		{C5E92A4D-9E3B-4C1A-B8D4-E1F5A6C7B9D2}.Release|Any CPU.ActiveCfg = Release|Any CPU
		{C5E92A4D-9E3B-4C1A-B8D4-E1F5A6C7B9D2}.Release|Any CPU.Build.0 = Release|Any CPU
		{C5E92A4D-9E3B-4C1A-B8D4-E1F5A6C7B9D2}.Release|x64.ActiveCfg = Release|Any CPU
		{C5E92A4D-9E3B-4C1A-B8D4-E1F5A6C7B9D2}.Release|x64.Build.0 = Release|Any CPU
		{C5E92A4D-9E3B-4C1A-B8D4-E1F5A6C7B9D2}.Release|x86.ActiveCfg = Release|Any CPU
		{C5E92A4D-9E3B-4C1A-B8D4-E1F5A6C7B9D2}.Release|x86.Build.0 = Release|Any CPU
		{6B3C876A-CB06-42DA-974E-6620581CE719}.Debug|Any CPU.ActiveCfg = Debug|Any CPU
		{6B3C876A-CB06-42DA-974E-6620581CE719}.Debug|Any CPU.Build.0 = Debug|Any CPU
		{6B3C876A-CB06-42DA-974E-6620581CE719}.Debug|x64.ActiveCfg = Debug|Any CPU
		{6B3C876A-CB06-42DA-974E-6620581CE719}.Debug|x64.Build.0 = Debug|Any CPU
		{6B3C876A-CB06-42DA-974E-6620581CE719}.Debug|x86.ActiveCfg = Debug|Any CPU
		{6B3C876A-CB06-42DA-974E-6620581CE719}.Debug|x86.Build.0 = Debug|Any CPU
		{6B3C876A-CB06-42DA-974E-6620581CE719}.Release|Any CPU.ActiveCfg = Release|Any CPU
		{6B3C876A-CB06-42DA-974E-6620581CE719}.Release|Any CPU.Build.0 = Release|Any CPU
		{6B3C876A-CB06-42DA-974E-6620581CE719}.Release|x64.ActiveCfg = Release|Any CPU
		{6B3C876A-CB06-42DA-974E-6620581CE719}.Release|x64.Build.0 = Release|Any CPU
		{6B3C876A-CB06-42DA-974E-6620581CE719}.Release|x86.ActiveCfg = Release|Any CPU
		{6B3C876A-CB06-42DA-974E-6620581CE719}.Release|x86.Build.0 = Release|Any CPU
		{078BABD8-4ACB-4002-95E8-99AB3DA3EBEA}.Debug|Any CPU.ActiveCfg = Debug|Any CPU
		{078BABD8-4ACB-4002-95E8-99AB3DA3EBEA}.Debug|Any CPU.Build.0 = Debug|Any CPU
		{078BABD8-4ACB-4002-95E8-99AB3DA3EBEA}.Debug|x64.ActiveCfg = Debug|Any CPU
		{078BABD8-4ACB-4002-95E8-99AB3DA3EBEA}.Debug|x64.Build.0 = Debug|Any CPU
		{078BABD8-4ACB-4002-95E8-99AB3DA3EBEA}.Debug|x86.ActiveCfg = Debug|Any CPU
		{078BABD8-4ACB-4002-95E8-99AB3DA3EBEA}.Debug|x86.Build.0 = Debug|Any CPU
		{078BABD8-4ACB-4002-95E8-99AB3DA3EBEA}.Release|Any CPU.ActiveCfg = Release|Any CPU
		{078BABD8-4ACB-4002-95E8-99AB3DA3EBEA}.Release|Any CPU.Build.0 = Release|Any CPU
		{078BABD8-4ACB-4002-95E8-99AB3DA3EBEA}.Release|x64.ActiveCfg = Release|Any CPU
		{078BABD8-4ACB-4002-95E8-99AB3DA3EBEA}.Release|x64.Build.0 = Release|Any CPU
		{078BABD8-4ACB-4002-95E8-99AB3DA3EBEA}.Release|x86.ActiveCfg = Release|Any CPU
		{078BABD8-4ACB-4002-95E8-99AB3DA3EBEA}.Release|x86.Build.0 = Release|Any CPU
		{D1A2B3C4-E5F6-7890-ABCD-EF1234567890}.Debug|Any CPU.ActiveCfg = Debug|Any CPU
		{D1A2B3C4-E5F6-7890-ABCD-EF1234567890}.Debug|Any CPU.Build.0 = Debug|Any CPU
		{D1A2B3C4-E5F6-7890-ABCD-EF1234567890}.Debug|x64.ActiveCfg = Debug|Any CPU
		{D1A2B3C4-E5F6-7890-ABCD-EF1234567890}.Debug|x64.Build.0 = Debug|Any CPU
		{D1A2B3C4-E5F6-7890-ABCD-EF1234567890}.Debug|x86.ActiveCfg = Debug|Any CPU
		{D1A2B3C4-E5F6-7890-ABCD-EF1234567890}.Debug|x86.Build.0 = Debug|Any CPU
		{D1A2B3C4-E5F6-7890-ABCD-EF1234567890}.Release|Any CPU.ActiveCfg = Release|Any CPU
		{D1A2B3C4-E5F6-7890-ABCD-EF1234567890}.Release|Any CPU.Build.0 = Release|Any CPU
		{D1A2B3C4-E5F6-7890-ABCD-EF1234567890}.Release|x64.ActiveCfg = Release|Any CPU
		{D1A2B3C4-E5F6-7890-ABCD-EF1234567890}.Release|x64.Build.0 = Release|Any CPU
		{D1A2B3C4-E5F6-7890-ABCD-EF1234567890}.Release|x86.ActiveCfg = Release|Any CPU
		{D1A2B3C4-E5F6-7890-ABCD-EF1234567890}.Release|x86.Build.0 = Release|Any CPU
		{E2B3C4D5-F6A7-8901-BCDE-F12345678901}.Debug|Any CPU.ActiveCfg = Debug|Any CPU
		{E2B3C4D5-F6A7-8901-BCDE-F12345678901}.Debug|Any CPU.Build.0 = Debug|Any CPU
		{E2B3C4D5-F6A7-8901-BCDE-F12345678901}.Debug|x64.ActiveCfg = Debug|Any CPU
		{E2B3C4D5-F6A7-8901-BCDE-F12345678901}.Debug|x64.Build.0 = Debug|Any CPU
		{E2B3C4D5-F6A7-8901-BCDE-F12345678901}.Debug|x86.ActiveCfg = Debug|Any CPU
		{E2B3C4D5-F6A7-8901-BCDE-F12345678901}.Debug|x86.Build.0 = Debug|Any CPU
		{E2B3C4D5-F6A7-8901-BCDE-F12345678901}.Release|Any CPU.ActiveCfg = Release|Any CPU
		{E2B3C4D5-F6A7-8901-BCDE-F12345678901}.Release|Any CPU.Build.0 = Release|Any CPU
		{E2B3C4D5-F6A7-8901-BCDE-F12345678901}.Release|x64.ActiveCfg = Release|Any CPU
		{E2B3C4D5-F6A7-8901-BCDE-F12345678901}.Release|x64.Build.0 = Release|Any CPU
		{E2B3C4D5-F6A7-8901-BCDE-F12345678901}.Release|x86.ActiveCfg = Release|Any CPU
		{E2B3C4D5-F6A7-8901-BCDE-F12345678901}.Release|x86.Build.0 = Release|Any CPU
		{F3C4D5E6-A7B8-9012-CDEF-123456789012}.Debug|Any CPU.ActiveCfg = Debug|Any CPU
		{F3C4D5E6-A7B8-9012-CDEF-123456789012}.Debug|Any CPU.Build.0 = Debug|Any CPU
		{F3C4D5E6-A7B8-9012-CDEF-123456789012}.Debug|x64.ActiveCfg = Debug|Any CPU
		{F3C4D5E6-A7B8-9012-CDEF-123456789012}.Debug|x64.Build.0 = Debug|Any CPU
		{F3C4D5E6-A7B8-9012-CDEF-123456789012}.Debug|x86.ActiveCfg = Debug|Any CPU
		{F3C4D5E6-A7B8-9012-CDEF-123456789012}.Debug|x86.Build.0 = Debug|Any CPU
		{F3C4D5E6-A7B8-9012-CDEF-123456789012}.Release|Any CPU.ActiveCfg = Release|Any CPU
		{F3C4D5E6-A7B8-9012-CDEF-123456789012}.Release|Any CPU.Build.0 = Release|Any CPU
		{F3C4D5E6-A7B8-9012-CDEF-123456789012}.Release|x64.ActiveCfg = Release|Any CPU
		{F3C4D5E6-A7B8-9012-CDEF-123456789012}.Release|x64.Build.0 = Release|Any CPU
		{F3C4D5E6-A7B8-9012-CDEF-123456789012}.Release|x86.ActiveCfg = Release|Any CPU
		{F3C4D5E6-A7B8-9012-CDEF-123456789012}.Release|x86.Build.0 = Release|Any CPU
		{A4D5E6F7-B8C9-0123-DEFA-234567890123}.Debug|Any CPU.ActiveCfg = Debug|Any CPU
		{A4D5E6F7-B8C9-0123-DEFA-234567890123}.Debug|Any CPU.Build.0 = Debug|Any CPU
		{A4D5E6F7-B8C9-0123-DEFA-234567890123}.Debug|x64.ActiveCfg = Debug|Any CPU
		{A4D5E6F7-B8C9-0123-DEFA-234567890123}.Debug|x64.Build.0 = Debug|Any CPU
		{A4D5E6F7-B8C9-0123-DEFA-234567890123}.Debug|x86.ActiveCfg = Debug|Any CPU
		{A4D5E6F7-B8C9-0123-DEFA-234567890123}.Debug|x86.Build.0 = Debug|Any CPU
		{A4D5E6F7-B8C9-0123-DEFA-234567890123}.Release|Any CPU.ActiveCfg = Release|Any CPU
		{A4D5E6F7-B8C9-0123-DEFA-234567890123}.Release|Any CPU.Build.0 = Release|Any CPU
		{A4D5E6F7-B8C9-0123-DEFA-234567890123}.Release|x64.ActiveCfg = Release|Any CPU
		{A4D5E6F7-B8C9-0123-DEFA-234567890123}.Release|x64.Build.0 = Release|Any CPU
		{A4D5E6F7-B8C9-0123-DEFA-234567890123}.Release|x86.ActiveCfg = Release|Any CPU
		{A4D5E6F7-B8C9-0123-DEFA-234567890123}.Release|x86.Build.0 = Release|Any CPU
	EndGlobalSection
	GlobalSection(SolutionProperties) = preSolution
		HideSolutionNode = FALSE
	EndGlobalSection
	GlobalSection(NestedProjects) = preSolution
		{B873D4FA-DEB5-4697-AB73-CB263F7778A6} = {827E0CD3-B72D-47B6-A68D-7590B98EB39B}
		{ACA5BA0D-B4C7-4558-9F3F-8C1AF0EF84F9} = {A39C23D2-F2C0-258D-165A-CF1E7FEE6E7B}
		{147CF313-3AE4-41EA-B876-065F3B96A503} = {827E0CD3-B72D-47B6-A68D-7590B98EB39B}
		{C5E92A4D-9E3B-4C1A-B8D4-E1F5A6C7B9D2} = {827E0CD3-B72D-47B6-A68D-7590B98EB39B}
		{6B3C876A-CB06-42DA-974E-6620581CE719} = {827E0CD3-B72D-47B6-A68D-7590B98EB39B}
		{078BABD8-4ACB-4002-95E8-99AB3DA3EBEA} = {827E0CD3-B72D-47B6-A68D-7590B98EB39B}
		{D1A2B3C4-E5F6-7890-ABCD-EF1234567890} = {A39C23D2-F2C0-258D-165A-CF1E7FEE6E7B}
		{E2B3C4D5-F6A7-8901-BCDE-F12345678901} = {A39C23D2-F2C0-258D-165A-CF1E7FEE6E7B}
		{F3C4D5E6-A7B8-9012-CDEF-123456789012} = {A39C23D2-F2C0-258D-165A-CF1E7FEE6E7B}
		{A4D5E6F7-B8C9-0123-DEFA-234567890123} = {A39C23D2-F2C0-258D-165A-CF1E7FEE6E7B}
	EndGlobalSection
	GlobalSection(ExtensibilityGlobals) = postSolution
		SolutionGuid = {B5A765F7-4371-41CE-8864-03097E334989}
	EndGlobalSection
EndGlobal
